
Microsoft Visual Studio Solution File, Format Version 12.00
# Visual Studio Version 16
VisualStudioVersion = 16.0.33130.400
MinimumVisualStudioVersion = 10.0.40219.1
Project("{FAE04EC0-301F-11D3-BF4B-00C04F79EFBC}") = "StudentManagementSystem", "StudentManagementSystem\StudentManagementSystem.csproj", "{F7BA9A18-5F4E-42A9-A4AE-712D493109C7}"
EndProject
Project("{FAE04EC0-301F-11D3-BF4B-00C04F79EFBC}") = "StudentManagementSystem.Helpers", "StudentManagementSystem.Helpers\StudentManagementSystem.Helpers.csproj", "{29A0FF50-6E56-4094-B35D-D3EB9E594617}"
EndProject
Project("{FAE04EC0-301F-11D3-BF4B-00C04F79EFBC}") = "StudentManagementSystem.Models", "StudentManagementSystem.Models\StudentManagementSystem.Models.csproj", "{EFC926B1-5C73-4F78-88F5-4DC0D4651D96}"
EndProject
Project("{FAE04EC0-301F-11D3-BF4B-00C04F79EFBC}") = "StudentManagementSystem.Repositories", "StudentManagementSystem.Repositories\StudentManagementSystem.Repositories.csproj", "{0E12715B-1B94-4C56-B4AE-FA2A4D5A43C6}"
EndProject
Project("{FAE04EC0-301F-11D3-BF4B-00C04F79EFBC}") = "WebApi", "WebApi\WebApi.csproj", "{95715C2B-4C5C-4E95-B687-2082C995BFEE}"
EndProject
Global
	GlobalSection(SolutionConfigurationPlatforms) = preSolution
		Debug|Any CPU = Debug|Any CPU
		Release|Any CPU = Release|Any CPU
	EndGlobalSection
	GlobalSection(ProjectConfigurationPlatforms) = postSolution
		{F7BA9A18-5F4E-42A9-A4AE-712D493109C7}.Debug|Any CPU.ActiveCfg = Debug|Any CPU
		{F7BA9A18-5F4E-42A9-A4AE-712D493109C7}.Debug|Any CPU.Build.0 = Debug|Any CPU
		{F7BA9A18-5F4E-42A9-A4AE-712D493109C7}.Release|Any CPU.ActiveCfg = Release|Any CPU
		{F7BA9A18-5F4E-42A9-A4AE-712D493109C7}.Release|Any CPU.Build.0 = Release|Any CPU
		{29A0FF50-6E56-4094-B35D-D3EB9E594617}.Debug|Any CPU.ActiveCfg = Debug|Any CPU
		{29A0FF50-6E56-4094-B35D-D3EB9E594617}.Debug|Any CPU.Build.0 = Debug|Any CPU
		{29A0FF50-6E56-4094-B35D-D3EB9E594617}.Release|Any CPU.ActiveCfg = Release|Any CPU
		{29A0FF50-6E56-4094-B35D-D3EB9E594617}.Release|Any CPU.Build.0 = Release|Any CPU
		{EFC926B1-5C73-4F78-88F5-4DC0D4651D96}.Debug|Any CPU.ActiveCfg = Debug|Any CPU
		{EFC926B1-5C73-4F78-88F5-4DC0D4651D96}.Debug|Any CPU.Build.0 = Debug|Any CPU
		{EFC926B1-5C73-4F78-88F5-4DC0D4651D96}.Release|Any CPU.ActiveCfg = Release|Any CPU
		{EFC926B1-5C73-4F78-88F5-4DC0D4651D96}.Release|Any CPU.Build.0 = Release|Any CPU
		{0E12715B-1B94-4C56-B4AE-FA2A4D5A43C6}.Debug|Any CPU.ActiveCfg = Debug|Any CPU
		{0E12715B-1B94-4C56-B4AE-FA2A4D5A43C6}.Debug|Any CPU.Build.0 = Debug|Any CPU
		{0E12715B-1B94-4C56-B4AE-FA2A4D5A43C6}.Release|Any CPU.ActiveCfg = Release|Any CPU
		{0E12715B-1B94-4C56-B4AE-FA2A4D5A43C6}.Release|Any CPU.Build.0 = Release|Any CPU
		{95715C2B-4C5C-4E95-B687-2082C995BFEE}.Debug|Any CPU.ActiveCfg = Debug|Any CPU
		{95715C2B-4C5C-4E95-B687-2082C995BFEE}.Debug|Any CPU.Build.0 = Debug|Any CPU
		{95715C2B-4C5C-4E95-B687-2082C995BFEE}.Release|Any CPU.ActiveCfg = Release|Any CPU
		{95715C2B-4C5C-4E95-B687-2082C995BFEE}.Release|Any CPU.Build.0 = Release|Any CPU
	EndGlobalSection
	GlobalSection(SolutionProperties) = preSolution
		HideSolutionNode = FALSE
	EndGlobalSection
	GlobalSection(ExtensibilityGlobals) = postSolution
		SolutionGuid = {93041777-1E81-4285-9E0B-79E873800C01}
	EndGlobalSection
EndGlobal
